
Microsoft Visual Studio Solution File, Format Version 12.00
# Visual Studio Version 17
VisualStudioVersion = 17.8.34322.80
MinimumVisualStudioVersion = 10.0.40219.1
Project("{9A19103F-16F7-4668-BE54-9A1E7A4F7556}") = "IntArraySumParallelCalculator", "IntArraySumParallelCalculator.csproj", "{F27BAFEB-D4C3-4442-ACFE-B8605EEA4D9B}"
EndProject
Global
	GlobalSection(SolutionConfigurationPlatforms) = preSolution
		Debug|Any CPU = Debug|Any CPU
		Release|Any CPU = Release|Any CPU
	EndGlobalSection
	GlobalSection(ProjectConfigurationPlatforms) = postSolution
		{F27BAFEB-D4C3-4442-ACFE-B8605EEA4D9B}.Debug|Any CPU.ActiveCfg = Debug|Any CPU
		{F27BAFEB-D4C3-4442-ACFE-B8605EEA4D9B}.Debug|Any CPU.Build.0 = Debug|Any CPU
		{F27BAFEB-D4C3-4442-ACFE-B8605EEA4D9B}.Release|Any CPU.ActiveCfg = Release|Any CPU
		{F27BAFEB-D4C3-4442-ACFE-B8605EEA4D9B}.Release|Any CPU.Build.0 = Release|Any CPU
	EndGlobalSection
	GlobalSection(SolutionProperties) = preSolution
		HideSolutionNode = FALSE
	EndGlobalSection
	GlobalSection(ExtensibilityGlobals) = postSolution
		SolutionGuid = {69739BD8-135C-4974-8A9D-F556B5DC7B83}
	EndGlobalSection
EndGlobal
